{
  "name": "agent402-langchain-demo",
  "version": "0.0.0",
  "lockfileVersion": 3,
  "requires": true,
  "packages": {
    "": {
      "name": "agent402-langchain-demo",
      "version": "0.0.0",
      "dependencies": {
        "agent402-langchain": "file:../../adapters/langchain"
      }
    },
    "../../adapters/langchain": {
      "name": "agent402-langchain",
      "version": "0.2.0",
      "license": "MIT",
      "engines": {
        "node": ">=18"
      },
      "peerDependencies": {
        "@langchain/core": ">=0.3 <2",
        "zod": ">=3 <5"
      },
      "peerDependenciesMeta": {
        "@langchain/core": {
          "optional": true
        },
        "zod": {
          "optional": true
        }
      }
    },
    "node_modules/agent402-langchain": {
      "resolved": "../../adapters/langchain",
      "link": true
    }
  }
}
