{
  "name": "agent402-ai-sdk-demo",
  "version": "0.0.0",
  "lockfileVersion": 3,
  "requires": true,
  "packages": {
    "": {
      "name": "agent402-ai-sdk-demo",
      "version": "0.0.0",
      "dependencies": {
        "agent402-ai-sdk": "file:../../adapters/ai-sdk"
      }
    },
    "../../adapters/ai-sdk": {
      "name": "agent402-ai-sdk",
      "version": "0.2.0",
      "license": "MIT",
      "engines": {
        "node": ">=18"
      },
      "peerDependencies": {
        "ai": ">=3 <7",
        "zod": ">=3 <5"
      },
      "peerDependenciesMeta": {
        "ai": {
          "optional": true
        },
        "zod": {
          "optional": true
        }
      }
    },
    "node_modules/agent402-ai-sdk": {
      "resolved": "../../adapters/ai-sdk",
      "link": true
    }
  }
}
