{
  "name": "agent402-openclaw",
  "version": "0.5.0",
  "lockfileVersion": 3,
  "requires": true,
  "packages": {
    "": {
      "name": "agent402-openclaw",
      "version": "0.5.0",
      "license": "MIT",
      "bin": {
        "agent402-openclaw": "cli.js"
      },
      "engines": {
        "node": ">=18"
      },
      "peerDependencies": {
        "@x402/evm": ">=2.20.0",
        "@x402/fetch": ">=2.20.0",
        "viem": ">=2.48.11"
      },
      "peerDependenciesMeta": {
        "@x402/evm": {
          "optional": true
        },
        "@x402/fetch": {
          "optional": true
        },
        "viem": {
          "optional": true
        }
      }
    }
  }
}
